
Microsoft Visual Studio Solution File, Format Version 12.00
# Visual Studio 15
VisualStudioVersion = 15.0.28010.2019
MinimumVisualStudioVersion = 10.0.40219.1
Project("{8BC9CEB8-8B4A-11D0-8D11-00A0C91BC942}") = "Finding the nth element", "Finding the nth element\Finding the nth element.vcxproj", "{5FBAB815-E378-49BA-9110-72A94A7B8F21}"
EndProject
Global
	GlobalSection(SolutionConfigurationPlatforms) = preSolution
		Debug|x64 = Debug|x64
		Debug|x86 = Debug|x86
		Release|x64 = Release|x64
		Release|x86 = Release|x86
	EndGlobalSection
	GlobalSection(ProjectConfigurationPlatforms) = postSolution
		{5FBAB815-E378-49BA-9110-72A94A7B8F21}.Debug|x64.ActiveCfg = Debug|x64
		{5FBAB815-E378-49BA-9110-72A94A7B8F21}.Debug|x64.Build.0 = Debug|x64
		{5FBAB815-E378-49BA-9110-72A94A7B8F21}.Debug|x86.ActiveCfg = Debug|Win32
		{5FBAB815-E378-49BA-9110-72A94A7B8F21}.Debug|x86.Build.0 = Debug|Win32
		{5FBAB815-E378-49BA-9110-72A94A7B8F21}.Release|x64.ActiveCfg = Release|x64
		{5FBAB815-E378-49BA-9110-72A94A7B8F21}.Release|x64.Build.0 = Release|x64
		{5FBAB815-E378-49BA-9110-72A94A7B8F21}.Release|x86.ActiveCfg = Release|Win32
		{5FBAB815-E378-49BA-9110-72A94A7B8F21}.Release|x86.Build.0 = Release|Win32
	EndGlobalSection
	GlobalSection(SolutionProperties) = preSolution
		HideSolutionNode = FALSE
	EndGlobalSection
	GlobalSection(ExtensibilityGlobals) = postSolution
		SolutionGuid = {C0A8875B-0503-40C9-BE89-DF3F5DFF1877}
	EndGlobalSection
EndGlobal
